Microsoft Visual Studio Solution File, Format Version 8.00
Project("{8BC9CEB8-8B4A-11D0-8D11-00A0C91BC942}") = "libmnetutil", "libmnetutil.vcproj", "{CD64A1F7-5C44-4DD7-AE79-FD3421D42F7A}"
	ProjectSection(ProjectDependencies) = postProject
	EndProjectSection
EndProject
Global
	GlobalSection(SolutionConfiguration) = preSolution
		Debug = Debug
		Release = Release
	EndGlobalSection
	GlobalSection(ProjectConfiguration) = postSolution
		{CD64A1F7-5C44-4DD7-AE79-FD3421D42F7A}.Debug.ActiveCfg = Debug|Win32
		{CD64A1F7-5C44-4DD7-AE79-FD3421D42F7A}.Debug.Build.0 = Debug|Win32
		{CD64A1F7-5C44-4DD7-AE79-FD3421D42F7A}.Release.ActiveCfg = Release|Win32
		{CD64A1F7-5C44-4DD7-AE79-FD3421D42F7A}.Release.Build.0 = Release|Win32
	EndGlobalSection
	GlobalSection(ExtensibilityGlobals) = postSolution
	EndGlobalSection
	GlobalSection(ExtensibilityAddIns) = postSolution
	EndGlobalSection
EndGlobal
